
Microsoft Visual Studio Solution File, Format Version 12.00
# Visual Studio 15
VisualStudioVersion = 15.0.27130.2036
MinimumVisualStudioVersion = 10.0.40219.1
Project("{FAE04EC0-301F-11D3-BF4B-00C04F79EFBC}") = "WEBAPI", "WEBAPI\WEBAPI.csproj", "{2E6A8342-82D9-46DD-A6B8-1E1A430F6384}"
EndProject
Global
	GlobalSection(SolutionConfigurationPlatforms) = preSolution
		Debug|Any CPU = Debug|Any CPU
		Release|Any CPU = Release|Any CPU
	EndGlobalSection
	GlobalSection(ProjectConfigurationPlatforms) = postSolution
		{2E6A8342-82D9-46DD-A6B8-1E1A430F6384}.Debug|Any CPU.ActiveCfg = Debug|Any CPU
		{2E6A8342-82D9-46DD-A6B8-1E1A430F6384}.Debug|Any CPU.Build.0 = Debug|Any CPU
		{2E6A8342-82D9-46DD-A6B8-1E1A430F6384}.Release|Any CPU.ActiveCfg = Release|Any CPU
		{2E6A8342-82D9-46DD-A6B8-1E1A430F6384}.Release|Any CPU.Build.0 = Release|Any CPU
	EndGlobalSection
	GlobalSection(SolutionProperties) = preSolution
		HideSolutionNode = FALSE
	EndGlobalSection
	GlobalSection(ExtensibilityGlobals) = postSolution
		SolutionGuid = {947C0ACF-8CFF-4887-A8E6-2E9E2BC0C169}
	EndGlobalSection
EndGlobal
